
Microsoft Visual Studio Solution File, Format Version 12.00
# Visual Studio Version 17
VisualStudioVersion = 17.0.31825.309
MinimumVisualStudioVersion = 10.0.40219.1
Project("{FAE04EC0-301F-11D3-BF4B-00C04F79EFBC}") = "LR_8", "LR_8.csproj", "{F7A5CBA8-4E36-4EE1-8B4B-08314E41F69F}"
EndProject
Global
	GlobalSection(SolutionConfigurationPlatforms) = preSolution
		Debug|Any CPU = Debug|Any CPU
		Release|Any CPU = Release|Any CPU
	EndGlobalSection
	GlobalSection(ProjectConfigurationPlatforms) = postSolution
		{F7A5CBA8-4E36-4EE1-8B4B-08314E41F69F}.Debug|Any CPU.ActiveCfg = Debug|Any CPU
		{F7A5CBA8-4E36-4EE1-8B4B-08314E41F69F}.Debug|Any CPU.Build.0 = Debug|Any CPU
		{F7A5CBA8-4E36-4EE1-8B4B-08314E41F69F}.Release|Any CPU.ActiveCfg = Release|Any CPU
		{F7A5CBA8-4E36-4EE1-8B4B-08314E41F69F}.Release|Any CPU.Build.0 = Release|Any CPU
	EndGlobalSection
	GlobalSection(SolutionProperties) = preSolution
		HideSolutionNode = FALSE
	EndGlobalSection
	GlobalSection(ExtensibilityGlobals) = postSolution
		SolutionGuid = {7A6AB486-F9F1-41F2-B741-78C30D2E2471}
	EndGlobalSection
EndGlobal
