
Microsoft Visual Studio Solution File, Format Version 12.00
# Visual Studio Version 17
VisualStudioVersion = 17.0.31825.309
MinimumVisualStudioVersion = 10.0.40219.1
Project("{FAE04EC0-301F-11D3-BF4B-00C04F79EFBC}") = "LR_5", "LR_5.csproj", "{6A2C4A7A-C700-4CC4-BE2D-8488A6CD9790}"
EndProject
Global
	GlobalSection(SolutionConfigurationPlatforms) = preSolution
		Debug|Any CPU = Debug|Any CPU
		Release|Any CPU = Release|Any CPU
	EndGlobalSection
	GlobalSection(ProjectConfigurationPlatforms) = postSolution
		{6A2C4A7A-C700-4CC4-BE2D-8488A6CD9790}.Debug|Any CPU.ActiveCfg = Debug|Any CPU
		{6A2C4A7A-C700-4CC4-BE2D-8488A6CD9790}.Debug|Any CPU.Build.0 = Debug|Any CPU
		{6A2C4A7A-C700-4CC4-BE2D-8488A6CD9790}.Release|Any CPU.ActiveCfg = Release|Any CPU
		{6A2C4A7A-C700-4CC4-BE2D-8488A6CD9790}.Release|Any CPU.Build.0 = Release|Any CPU
	EndGlobalSection
	GlobalSection(SolutionProperties) = preSolution
		HideSolutionNode = FALSE
	EndGlobalSection
	GlobalSection(ExtensibilityGlobals) = postSolution
		SolutionGuid = {28408C0C-1E3C-4F7D-BC23-801B8C1A397A}
	EndGlobalSection
EndGlobal
